
Microsoft Visual Studio Solution File, Format Version 12.00
# Visual Studio Version 17
VisualStudioVersion = 17.8.34330.188
MinimumVisualStudioVersion = 10.0.40219.1
Project("{FAE04EC0-301F-11D3-BF4B-00C04F79EFBC}") = "SP22_BSCS_0119_MUHAMMAD_TAHA_MVC", "SP22_BSCS_0119_MUHAMMAD_TAHA_MVC\SP22_BSCS_0119_MUHAMMAD_TAHA_MVC.csproj", "{9BD38A5D-DD64-49B9-80F7-F731640C6EAE}"
EndProject
Global
	GlobalSection(SolutionConfigurationPlatforms) = preSolution
		Debug|Any CPU = Debug|Any CPU
		Release|Any CPU = Release|Any CPU
	EndGlobalSection
	GlobalSection(ProjectConfigurationPlatforms) = postSolution
		{9BD38A5D-DD64-49B9-80F7-F731640C6EAE}.Debug|Any CPU.ActiveCfg = Debug|Any CPU
		{9BD38A5D-DD64-49B9-80F7-F731640C6EAE}.Debug|Any CPU.Build.0 = Debug|Any CPU
		{9BD38A5D-DD64-49B9-80F7-F731640C6EAE}.Release|Any CPU.ActiveCfg = Release|Any CPU
		{9BD38A5D-DD64-49B9-80F7-F731640C6EAE}.Release|Any CPU.Build.0 = Release|Any CPU
	EndGlobalSection
	GlobalSection(SolutionProperties) = preSolution
		HideSolutionNode = FALSE
	EndGlobalSection
	GlobalSection(ExtensibilityGlobals) = postSolution
		SolutionGuid = {6ABD2EA9-F46B-457A-8346-757790203F11}
	EndGlobalSection
EndGlobal
